Microsoft Visual Studio Solution File, Format Version 12.00
# Visual Studio Version 16
VisualStudioVersion = 16.0.0.0
MinimumVisualStudioVersion = 16.0.0.0
Project("{9A19103F-16F7-4668-BE54-9A1E7A4F7556}") = "BlazorPeliculasCode1.Server", "Server\BlazorPeliculasCode1.Server.csproj", "{D02954E5-92E7-4F6B-BCFA-27AC05913DEE}"
EndProject
Project("{9A19103F-16F7-4668-BE54-9A1E7A4F7556}") = "BlazorPeliculasCode1.Client", "Client\BlazorPeliculasCode1.Client.csproj", "{8D1A2A17-82A8-42EF-B887-B3A3B89FC3B2}"
EndProject
Project("{9A19103F-16F7-4668-BE54-9A1E7A4F7556}") = "BlazorPeliculasCode1.Shared", "Shared\BlazorPeliculasCode1.Shared.csproj", "{273C1761-660F-414A-816C-F3052970F3B8}"
EndProject
Global
	GlobalSection(SolutionConfigurationPlatforms) = preSolution
		Debug|Any CPU = Debug|Any CPU
		Debug|x64 = Debug|x64
		Debug|x86 = Debug|x86
		Release|Any CPU = Release|Any CPU
		Release|x64 = Release|x64
		Release|x86 = Release|x86
	EndGlobalSection
	GlobalSection(ProjectConfigurationPlatforms) = postSolution
		{8D1A2A17-82A8-42EF-B887-B3A3B89FC3B2}.Debug|Any CPU.ActiveCfg = Debug|Any CPU
		{8D1A2A17-82A8-42EF-B887-B3A3B89FC3B2}.Debug|Any CPU.Build.0 = Debug|Any CPU
		{8D1A2A17-82A8-42EF-B887-B3A3B89FC3B2}.Debug|x64.ActiveCfg = Debug|Any CPU
		{8D1A2A17-82A8-42EF-B887-B3A3B89FC3B2}.Debug|x64.Build.0 = Debug|Any CPU
		{8D1A2A17-82A8-42EF-B887-B3A3B89FC3B2}.Debug|x86.ActiveCfg = Debug|Any CPU
		{8D1A2A17-82A8-42EF-B887-B3A3B89FC3B2}.Debug|x86.Build.0 = Debug|Any CPU
		{8D1A2A17-82A8-42EF-B887-B3A3B89FC3B2}.Release|Any CPU.ActiveCfg = Release|Any CPU
		{8D1A2A17-82A8-42EF-B887-B3A3B89FC3B2}.Release|Any CPU.Build.0 = Release|Any CPU
		{8D1A2A17-82A8-42EF-B887-B3A3B89FC3B2}.Release|x64.ActiveCfg = Release|Any CPU
		{8D1A2A17-82A8-42EF-B887-B3A3B89FC3B2}.Release|x64.Build.0 = Release|Any CPU
		{8D1A2A17-82A8-42EF-B887-B3A3B89FC3B2}.Release|x86.ActiveCfg = Release|Any CPU
		{8D1A2A17-82A8-42EF-B887-B3A3B89FC3B2}.Release|x86.Build.0 = Release|Any CPU
		{D02954E5-92E7-4F6B-BCFA-27AC05913DEE}.Debug|Any CPU.ActiveCfg = Debug|Any CPU
		{D02954E5-92E7-4F6B-BCFA-27AC05913DEE}.Debug|Any CPU.Build.0 = Debug|Any CPU
		{D02954E5-92E7-4F6B-BCFA-27AC05913DEE}.Debug|x64.ActiveCfg = Debug|Any CPU
		{D02954E5-92E7-4F6B-BCFA-27AC05913DEE}.Debug|x64.Build.0 = Debug|Any CPU
		{D02954E5-92E7-4F6B-BCFA-27AC05913DEE}.Debug|x86.ActiveCfg = Debug|Any CPU
		{D02954E5-92E7-4F6B-BCFA-27AC05913DEE}.Debug|x86.Build.0 = Debug|Any CPU
		{D02954E5-92E7-4F6B-BCFA-27AC05913DEE}.Release|Any CPU.ActiveCfg = Release|Any CPU
		{D02954E5-92E7-4F6B-BCFA-27AC05913DEE}.Release|Any CPU.Build.0 = Release|Any CPU
		{D02954E5-92E7-4F6B-BCFA-27AC05913DEE}.Release|x64.ActiveCfg = Release|Any CPU
		{D02954E5-92E7-4F6B-BCFA-27AC05913DEE}.Release|x64.Build.0 = Release|Any CPU
		{D02954E5-92E7-4F6B-BCFA-27AC05913DEE}.Release|x86.ActiveCfg = Release|Any CPU
		{D02954E5-92E7-4F6B-BCFA-27AC05913DEE}.Release|x86.Build.0 = Release|Any CPU
		{273C1761-660F-414A-816C-F3052970F3B8}.Debug|Any CPU.ActiveCfg = Debug|Any CPU
		{273C1761-660F-414A-816C-F3052970F3B8}.Debug|Any CPU.Build.0 = Debug|Any CPU
		{273C1761-660F-414A-816C-F3052970F3B8}.Debug|x64.ActiveCfg = Debug|Any CPU
		{273C1761-660F-414A-816C-F3052970F3B8}.Debug|x64.Build.0 = Debug|Any CPU
		{273C1761-660F-414A-816C-F3052970F3B8}.Debug|x86.ActiveCfg = Debug|Any CPU
		{273C1761-660F-414A-816C-F3052970F3B8}.Debug|x86.Build.0 = Debug|Any CPU
		{273C1761-660F-414A-816C-F3052970F3B8}.Release|Any CPU.ActiveCfg = Release|Any CPU
		{273C1761-660F-414A-816C-F3052970F3B8}.Release|Any CPU.Build.0 = Release|Any CPU
		{273C1761-660F-414A-816C-F3052970F3B8}.Release|x64.ActiveCfg = Release|Any CPU
		{273C1761-660F-414A-816C-F3052970F3B8}.Release|x64.Build.0 = Release|Any CPU
		{273C1761-660F-414A-816C-F3052970F3B8}.Release|x86.ActiveCfg = Release|Any CPU
		{273C1761-660F-414A-816C-F3052970F3B8}.Release|x86.Build.0 = Release|Any CPU
	EndGlobalSection
	GlobalSection(SolutionProperties) = preSolution
		HideSolutionNode = FALSE
	EndGlobalSection
	GlobalSection(ExtensibilityGlobals) = postSolution
		SolutionGuid = {2C41D9F2-844F-4E20-90A1-A16171E76A04}
	EndGlobalSection
EndGlobal