
Microsoft Visual Studio Solution File, Format Version 12.00
# Visual Studio Version 17
VisualStudioVersion = 17.14.36811.4 d17.14
MinimumVisualStudioVersion = 10.0.40219.1
Project("{FAE04EC0-301F-11D3-BF4B-00C04F79EFBC}") = "BlazorApp1", "BlazorApp1\BlazorApp1.csproj", "{09DD31DC-FEBE-483D-A53F-A48F7A5E6B91}"
EndProject
Global
	GlobalSection(SolutionConfigurationPlatforms) = preSolution
		Debug|Any CPU = Debug|Any CPU
		Release|Any CPU = Release|Any CPU
	EndGlobalSection
	GlobalSection(ProjectConfigurationPlatforms) = postSolution
		{09DD31DC-FEBE-483D-A53F-A48F7A5E6B91}.Debug|Any CPU.ActiveCfg = Debug|Any CPU
		{09DD31DC-FEBE-483D-A53F-A48F7A5E6B91}.Debug|Any CPU.Build.0 = Debug|Any CPU
		{09DD31DC-FEBE-483D-A53F-A48F7A5E6B91}.Release|Any CPU.ActiveCfg = Release|Any CPU
		{09DD31DC-FEBE-483D-A53F-A48F7A5E6B91}.Release|Any CPU.Build.0 = Release|Any CPU
	EndGlobalSection
	GlobalSection(SolutionProperties) = preSolution
		HideSolutionNode = FALSE
	EndGlobalSection
	GlobalSection(ExtensibilityGlobals) = postSolution
		SolutionGuid = {5FA4B6AF-F945-4F7C-86EA-9FC66B03A3BD}
	EndGlobalSection
EndGlobal
