
Microsoft Visual Studio Solution File, Format Version 12.00
# Visual Studio Version 17
VisualStudioVersion = 17.11.35327.3
MinimumVisualStudioVersion = 10.0.40219.1
Project("{FAE04EC0-301F-11D3-BF4B-00C04F79EFBC}") = "DemoEFCore8Udemy", "DemoEFCore8Udemy\DemoEFCore8Udemy.csproj", "{26B58ACE-125A-48D6-AD1B-3E4035B7960B}"
EndProject
Global
	GlobalSection(SolutionConfigurationPlatforms) = preSolution
		Debug|Any CPU = Debug|Any CPU
		Release|Any CPU = Release|Any CPU
	EndGlobalSection
	GlobalSection(ProjectConfigurationPlatforms) = postSolution
		{26B58ACE-125A-48D6-AD1B-3E4035B7960B}.Debug|Any CPU.ActiveCfg = Debug|Any CPU
		{26B58ACE-125A-48D6-AD1B-3E4035B7960B}.Debug|Any CPU.Build.0 = Debug|Any CPU
		{26B58ACE-125A-48D6-AD1B-3E4035B7960B}.Release|Any CPU.ActiveCfg = Release|Any CPU
		{26B58ACE-125A-48D6-AD1B-3E4035B7960B}.Release|Any CPU.Build.0 = Release|Any CPU
	EndGlobalSection
	GlobalSection(SolutionProperties) = preSolution
		HideSolutionNode = FALSE
	EndGlobalSection
	GlobalSection(ExtensibilityGlobals) = postSolution
		SolutionGuid = {EBCB8343-A996-4295-863B-51708688005E}
	EndGlobalSection
EndGlobal
