
Microsoft Visual Studio Solution File, Format Version 12.00
# Visual Studio Version 17
VisualStudioVersion = 17.12.35521.163 d17.12
MinimumVisualStudioVersion = 10.0.40219.1
Project("{FAE04EC0-301F-11D3-BF4B-00C04F79EFBC}") = "BlazorPeliculas.Server", "BlazorPeliculas\Server\BlazorPeliculas.Server.csproj", "{FAC68B5B-DBC1-4822-AC19-E312D625DC07}"
EndProject
Project("{FAE04EC0-301F-11D3-BF4B-00C04F79EFBC}") = "BlazorPeliculas.Client", "BlazorPeliculas\Client\BlazorPeliculas.Client.csproj", "{707EDAE4-DCF8-4ADA-9954-C3B8DA694E88}"
EndProject
Project("{FAE04EC0-301F-11D3-BF4B-00C04F79EFBC}") = "BlazorPeliculas.Shared", "BlazorPeliculas\Shared\BlazorPeliculas.Shared.csproj", "{5A255157-898F-4583-A8E1-3CF26E0F2AE4}"
EndProject
Global
	GlobalSection(SolutionConfigurationPlatforms) = preSolution
		Debug|Any CPU = Debug|Any CPU
		Release|Any CPU = Release|Any CPU
	EndGlobalSection
	GlobalSection(ProjectConfigurationPlatforms) = postSolution
		{FAC68B5B-DBC1-4822-AC19-E312D625DC07}.Debug|Any CPU.ActiveCfg = Debug|Any CPU
		{FAC68B5B-DBC1-4822-AC19-E312D625DC07}.Debug|Any CPU.Build.0 = Debug|Any CPU
		{FAC68B5B-DBC1-4822-AC19-E312D625DC07}.Release|Any CPU.ActiveCfg = Release|Any CPU
		{FAC68B5B-DBC1-4822-AC19-E312D625DC07}.Release|Any CPU.Build.0 = Release|Any CPU
		{707EDAE4-DCF8-4ADA-9954-C3B8DA694E88}.Debug|Any CPU.ActiveCfg = Debug|Any CPU
		{707EDAE4-DCF8-4ADA-9954-C3B8DA694E88}.Debug|Any CPU.Build.0 = Debug|Any CPU
		{707EDAE4-DCF8-4ADA-9954-C3B8DA694E88}.Release|Any CPU.ActiveCfg = Release|Any CPU
		{707EDAE4-DCF8-4ADA-9954-C3B8DA694E88}.Release|Any CPU.Build.0 = Release|Any CPU
		{5A255157-898F-4583-A8E1-3CF26E0F2AE4}.Debug|Any CPU.ActiveCfg = Debug|Any CPU
		{5A255157-898F-4583-A8E1-3CF26E0F2AE4}.Debug|Any CPU.Build.0 = Debug|Any CPU
		{5A255157-898F-4583-A8E1-3CF26E0F2AE4}.Release|Any CPU.ActiveCfg = Release|Any CPU
		{5A255157-898F-4583-A8E1-3CF26E0F2AE4}.Release|Any CPU.Build.0 = Release|Any CPU
	EndGlobalSection
	GlobalSection(SolutionProperties) = preSolution
		HideSolutionNode = FALSE
	EndGlobalSection
EndGlobal
