Microsoft Visual Studio Solution File, Format Version 12.00
# Visual Studio Version 16
VisualStudioVersion = 16.0.0.0
MinimumVisualStudioVersion = 16.0.0.0
Project("{9A19103F-16F7-4668-BE54-9A1E7A4F7556}") = "BlazorPeliculas.Server", "Server\BlazorPeliculas.Server.csproj", "{4F49C8C5-CE2E-4089-BFCE-A44FD5BAFB8C}"
EndProject
Project("{9A19103F-16F7-4668-BE54-9A1E7A4F7556}") = "BlazorPeliculas.Client", "Client\BlazorPeliculas.Client.csproj", "{A5D4BC98-D8A1-4E04-A029-DADB711F7CAE}"
EndProject
Project("{9A19103F-16F7-4668-BE54-9A1E7A4F7556}") = "BlazorPeliculas.Shared", "Shared\BlazorPeliculas.Shared.csproj", "{457095A1-998F-429E-95F3-51BFBD2BFC00}"
EndProject
Global
	GlobalSection(SolutionConfigurationPlatforms) = preSolution
		Debug|Any CPU = Debug|Any CPU
		Debug|x64 = Debug|x64
		Debug|x86 = Debug|x86
		Release|Any CPU = Release|Any CPU
		Release|x64 = Release|x64
		Release|x86 = Release|x86
	EndGlobalSection
	GlobalSection(ProjectConfigurationPlatforms) = postSolution
		{4F49C8C5-CE2E-4089-BFCE-A44FD5BAFB8C}.Debug|Any CPU.ActiveCfg = Debug|Any CPU
		{4F49C8C5-CE2E-4089-BFCE-A44FD5BAFB8C}.Debug|Any CPU.Build.0 = Debug|Any CPU
		{4F49C8C5-CE2E-4089-BFCE-A44FD5BAFB8C}.Debug|x64.ActiveCfg = Debug|Any CPU
		{4F49C8C5-CE2E-4089-BFCE-A44FD5BAFB8C}.Debug|x64.Build.0 = Debug|Any CPU
		{4F49C8C5-CE2E-4089-BFCE-A44FD5BAFB8C}.Debug|x86.ActiveCfg = Debug|Any CPU
		{4F49C8C5-CE2E-4089-BFCE-A44FD5BAFB8C}.Debug|x86.Build.0 = Debug|Any CPU
		{4F49C8C5-CE2E-4089-BFCE-A44FD5BAFB8C}.Release|Any CPU.ActiveCfg = Release|Any CPU
		{4F49C8C5-CE2E-4089-BFCE-A44FD5BAFB8C}.Release|Any CPU.Build.0 = Release|Any CPU
		{4F49C8C5-CE2E-4089-BFCE-A44FD5BAFB8C}.Release|x64.ActiveCfg = Release|Any CPU
		{4F49C8C5-CE2E-4089-BFCE-A44FD5BAFB8C}.Release|x64.Build.0 = Release|Any CPU
		{4F49C8C5-CE2E-4089-BFCE-A44FD5BAFB8C}.Release|x86.ActiveCfg = Release|Any CPU
		{4F49C8C5-CE2E-4089-BFCE-A44FD5BAFB8C}.Release|x86.Build.0 = Release|Any CPU
		{A5D4BC98-D8A1-4E04-A029-DADB711F7CAE}.Debug|Any CPU.ActiveCfg = Debug|Any CPU
		{A5D4BC98-D8A1-4E04-A029-DADB711F7CAE}.Debug|Any CPU.Build.0 = Debug|Any CPU
		{A5D4BC98-D8A1-4E04-A029-DADB711F7CAE}.Debug|x64.ActiveCfg = Debug|Any CPU
		{A5D4BC98-D8A1-4E04-A029-DADB711F7CAE}.Debug|x64.Build.0 = Debug|Any CPU
		{A5D4BC98-D8A1-4E04-A029-DADB711F7CAE}.Debug|x86.ActiveCfg = Debug|Any CPU
		{A5D4BC98-D8A1-4E04-A029-DADB711F7CAE}.Debug|x86.Build.0 = Debug|Any CPU
		{A5D4BC98-D8A1-4E04-A029-DADB711F7CAE}.Release|Any CPU.ActiveCfg = Release|Any CPU
		{A5D4BC98-D8A1-4E04-A029-DADB711F7CAE}.Release|Any CPU.Build.0 = Release|Any CPU
		{A5D4BC98-D8A1-4E04-A029-DADB711F7CAE}.Release|x64.ActiveCfg = Release|Any CPU
		{A5D4BC98-D8A1-4E04-A029-DADB711F7CAE}.Release|x64.Build.0 = Release|Any CPU
		{A5D4BC98-D8A1-4E04-A029-DADB711F7CAE}.Release|x86.ActiveCfg = Release|Any CPU
		{A5D4BC98-D8A1-4E04-A029-DADB711F7CAE}.Release|x86.Build.0 = Release|Any CPU
		{457095A1-998F-429E-95F3-51BFBD2BFC00}.Debug|Any CPU.ActiveCfg = Debug|Any CPU
		{457095A1-998F-429E-95F3-51BFBD2BFC00}.Debug|Any CPU.Build.0 = Debug|Any CPU
		{457095A1-998F-429E-95F3-51BFBD2BFC00}.Debug|x64.ActiveCfg = Debug|Any CPU
		{457095A1-998F-429E-95F3-51BFBD2BFC00}.Debug|x64.Build.0 = Debug|Any CPU
		{457095A1-998F-429E-95F3-51BFBD2BFC00}.Debug|x86.ActiveCfg = Debug|Any CPU
		{457095A1-998F-429E-95F3-51BFBD2BFC00}.Debug|x86.Build.0 = Debug|Any CPU
		{457095A1-998F-429E-95F3-51BFBD2BFC00}.Release|Any CPU.ActiveCfg = Release|Any CPU
		{457095A1-998F-429E-95F3-51BFBD2BFC00}.Release|Any CPU.Build.0 = Release|Any CPU
		{457095A1-998F-429E-95F3-51BFBD2BFC00}.Release|x64.ActiveCfg = Release|Any CPU
		{457095A1-998F-429E-95F3-51BFBD2BFC00}.Release|x64.Build.0 = Release|Any CPU
		{457095A1-998F-429E-95F3-51BFBD2BFC00}.Release|x86.ActiveCfg = Release|Any CPU
		{457095A1-998F-429E-95F3-51BFBD2BFC00}.Release|x86.Build.0 = Release|Any CPU
	EndGlobalSection
	GlobalSection(SolutionProperties) = preSolution
		HideSolutionNode = FALSE
	EndGlobalSection
	GlobalSection(ExtensibilityGlobals) = postSolution
		SolutionGuid = {8FD58D0A-AC30-497F-9456-BC8880364849}
	EndGlobalSection
EndGlobal
