
Microsoft Visual Studio Solution File, Format Version 12.00
# Visual Studio Version 17
VisualStudioVersion = 17.12.35514.174 d17.12
MinimumVisualStudioVersion = 10.0.40219.1
Project("{FAE04EC0-301F-11D3-BF4B-00C04F79EFBC}") = "WebAPI", "WebAPI\WebAPI.csproj", "{BC24F686-2449-4BAF-8059-40E25A202883}"
EndProject
Project("{FAE04EC0-301F-11D3-BF4B-00C04F79EFBC}") = "Data", "Data\Data.csproj", "{89D60F58-D138-43C8-9A07-758385AC75B1}"
EndProject
Global
	GlobalSection(SolutionConfigurationPlatforms) = preSolution
		Debug|Any CPU = Debug|Any CPU
		Release|Any CPU = Release|Any CPU
	EndGlobalSection
	GlobalSection(ProjectConfigurationPlatforms) = postSolution
		{BC24F686-2449-4BAF-8059-40E25A202883}.Debug|Any CPU.ActiveCfg = Debug|Any CPU
		{BC24F686-2449-4BAF-8059-40E25A202883}.Debug|Any CPU.Build.0 = Debug|Any CPU
		{BC24F686-2449-4BAF-8059-40E25A202883}.Release|Any CPU.ActiveCfg = Release|Any CPU
		{BC24F686-2449-4BAF-8059-40E25A202883}.Release|Any CPU.Build.0 = Release|Any CPU
		{89D60F58-D138-43C8-9A07-758385AC75B1}.Debug|Any CPU.ActiveCfg = Debug|Any CPU
		{89D60F58-D138-43C8-9A07-758385AC75B1}.Debug|Any CPU.Build.0 = Debug|Any CPU
		{89D60F58-D138-43C8-9A07-758385AC75B1}.Release|Any CPU.ActiveCfg = Release|Any CPU
		{89D60F58-D138-43C8-9A07-758385AC75B1}.Release|Any CPU.Build.0 = Release|Any CPU
	EndGlobalSection
	GlobalSection(SolutionProperties) = preSolution
		HideSolutionNode = FALSE
	EndGlobalSection
EndGlobal
